# THIS IS AN AUTOGENERATED FILE. DO NOT EDIT THIS FILE DIRECTLY.
# yarn lockfile v1


"@babel/runtime@^7.1.2", "@babel/runtime@^7.12.1", "@babel/runtime@^7.12.13", "@babel/runtime@^7.13.16", "@babel/runtime@^7.17.2", "@babel/runtime@^7.5.5", "@babel/runtime@^7.6.2", "@babel/runtime@^7.6.3", "@babel/runtime@^7.8.7":
  version "7.17.9"
  resolved "https://registry.yarnpkg.com/@babel/runtime/-/runtime-7.17.9.tgz#d19fbf802d01a8cb6cf053a64e472d42c434ba72"
  integrity sha512-lSiBBvodq29uShpWGNbgFdKYNiFDo5/HIYsaCEY9ff4sb10x9jizo2+pRrSyF4jKZCXqgzuqBOQKbUm90gQwJg==
  dependencies:
    regenerator-runtime "^0.13.4"

"@parcel/cache@2.4.1":
  version "2.4.1"
  resolved "https://registry.yarnpkg.com/@parcel/cache/-/cache-2.4.1.tgz#94322d6de5b9ccb18d58585c267022f47a6315d3"
  integrity sha512-2N5ly++p/yefmPdK39X1QIoA2e6NtS1aYSsxrIC9EX92Kjd7SfSceqUJhlJWB49omJSheEJLd1qM3EJG9EvICQ==
  dependencies:
    "@parcel/fs" "2.4.1"
    "@parcel/logger" "2.4.1"
    "@parcel/utils" "2.4.1"
    lmdb "2.2.4"

"@parcel/codeframe@2.4.1":
  version "2.4.1"
  resolved "https://registry.yarnpkg.com/@parcel/codeframe/-/codeframe-2.4.1.tgz#57dcedb0326ca120241d2f272b84019009350b20"
  integrity sha512-m3WDeEpWvgqekCqsHfPMJrSQquahdIgSR1x1RDCqQ1YelvW0fQiGgu42MXI5tjoBrHC1l1mF01UDb+xMSxz1DA==
  dependencies:
    chalk "^4.1.0"

"@parcel/diagnostic@2.4.1":
  version "2.4.1"
  resolved "https://registry.yarnpkg.com/@parcel/diagnostic/-/diagnostic-2.4.1.tgz#edb275699b543f71cf933bea141a3165ad919a0d"
  integrity sha512-wmJIfn0PG2ABuraS+kMjl6UKaLjTDTtG+XkjJLWHzU/dd5RozqAZDKp65GWjvHzHLx7KICTAdUJsXh2s3TnTOQ==
  dependencies:
    json-source-map "^0.6.1"
    nullthrows "^1.1.1"

"@parcel/events@2.4.1":
  version "2.4.1"
  resolved "https://registry.yarnpkg.com/@parcel/events/-/events-2.4.1.tgz#6e1ba26d55f7a2d6a7491e0901d287de3e471e99"
  integrity sha512-er2jwyzYt3Zimkrp7TR865GIeIMYNd7YSSxW39y/egm4LIPBsruUpHSnKRD5b65Jd+gckkxDsnrpADG6MH1zNw==

"@parcel/fs-search@2.4.1":
  version "2.4.1"
  resolved "https://registry.yarnpkg.com/@parcel/fs-search/-/fs-search-2.4.1.tgz#ae195107895f366183ed0a3fa34bd4eeeaf3dfef"
  integrity sha512-xfoLvHjHkZm4VZf3UWU5v6gzz+x7IBVY7siHGn0YyGwvlv73FmiR4mCSizqerXOyXknF2fpg6tNHNQyyNLS32Q==
  dependencies:
    detect-libc "^1.0.3"

"@parcel/fs@2.4.1":
  version "2.4.1"
  resolved "https://registry.yarnpkg.com/@parcel/fs/-/fs-2.4.1.tgz#49e22a8f8018916a4922682e8e608256752c9692"
  integrity sha512-kE9HzW6XjO/ZA5bQnAzp1YVmGlXeDqUaius2cH2K0wU7KQX/GBjyfEWJm/UsKPB6QIrGXgkPH6ashNzOgwDqpw==
  dependencies:
    "@parcel/fs-search" "2.4.1"
    "@parcel/types" "2.4.1"
    "@parcel/utils" "2.4.1"
    "@parcel/watcher" "^2.0.0"
    "@parcel/workers" "2.4.1"

"@parcel/hash@2.4.1":
  version "2.4.1"
  resolved "https://registry.yarnpkg.com/@parcel/hash/-/hash-2.4.1.tgz#475ecec62b08dbd21dddb62d6dc5b9148a6e5fe5"
  integrity sha512-Ch1kkFPedef3geapU+XYmAdZY29u3eQXn/twMjowAKkWCmj6wZ+muUgBmOO2uCfK3xys7GycI8jYZcAbF5DVLg==
  dependencies:
    detect-libc "^1.0.3"
    xxhash-wasm "^0.4.2"

"@parcel/logger@2.4.1":
  version "2.4.1"
  resolved "https://registry.yarnpkg.com/@parcel/logger/-/logger-2.4.1.tgz#8f87097009d6847409da69ecbc248a136b2f36c2"
  integrity sha512-wm7FoKY+1dyo+Dd7Z4b0d6hmpgRBWfZwCoZSSyhgbG96Ty68/oo3m7oEMXPfry8IVGIhShmWKDp4py44PH3l7w==
  dependencies:
    "@parcel/diagnostic" "2.4.1"
    "@parcel/events" "2.4.1"

"@parcel/markdown-ansi@2.4.1":
  version "2.4.1"
  resolved "https://registry.yarnpkg.com/@parcel/markdown-ansi/-/markdown-ansi-2.4.1.tgz#65f798234e5767d92c5f411de5aae11e611cd9b6"
  integrity sha512-BkWhzbKQhTQ9lS96ZMMG0KyXSJBFdNeBVobWrdrrwcFlNER0nt2m6fdF7Hfpf1TqFhM4tT+GNFtON7ybL53RiQ==
  dependencies:
    chalk "^4.1.0"

"@parcel/package-manager@2.4.1":
  version "2.4.1"
  resolved "https://registry.yarnpkg.com/@parcel/package-manager/-/package-manager-2.4.1.tgz#fcd05b0d1999bef52496599043e0d5432abf57da"
  integrity sha512-JUUinm4U3hy4epHl9A389xb+BGiFR8n9+qw3Z4UDfS1te43sh8+0virBGcnai/G7mlr5/vHW+l9xulc7WQaY6w==
  dependencies:
    "@parcel/diagnostic" "2.4.1"
    "@parcel/fs" "2.4.1"
    "@parcel/logger" "2.4.1"
    "@parcel/types" "2.4.1"
    "@parcel/utils" "2.4.1"
    "@parcel/workers" "2.4.1"
    semver "^5.7.1"

"@parcel/plugin@2.4.1":
  version "2.4.1"
  resolved "https://registry.yarnpkg.com/@parcel/plugin/-/plugin-2.4.1.tgz#15294d796be2703b16fa4e617967cfaa8e5631d4"
  integrity sha512-EJzNhwNWYuSpIPRlG1U2hKcovq/RsVie4Os1z51/e2dcCto/uAoJOMoWYYsCxtjkJ7BjFYyQ7fcZRKM9DEr6gQ==
  dependencies:
    "@parcel/types" "2.4.1"

"@parcel/source-map@^2.0.0":
  version "2.0.2"
  resolved "https://registry.yarnpkg.com/@parcel/source-map/-/source-map-2.0.2.tgz#9aa0b00518cee31d5634de6e9c924a5539b142c1"
  integrity sha512-NnUrPYLpYB6qyx2v6bcRPn/gVigmGG6M6xL8wIg/i0dP1GLkuY1nf+Hqdf63FzPTqqT7K3k6eE5yHPQVMO5jcA==
  dependencies:
    detect-libc "^1.0.3"

"@parcel/transformer-image@^2.0.0-rc.0":
  version "2.4.1"
  resolved "https://registry.yarnpkg.com/@parcel/transformer-image/-/transformer-image-2.4.1.tgz#5b3f97d8d41b08b29c47a0ca7cef6600520098ea"
  integrity sha512-pOfgPVe13lMTKdzydjXXNl4bojVMmuQmwm44OZ9cmpwOD3phkZzCtrxgySoV1eRBCOipdQg1O6GGI3za1KNdvw==
  dependencies:
    "@parcel/plugin" "2.4.1"
    "@parcel/workers" "2.4.1"
    nullthrows "^1.1.1"

"@parcel/transformer-sass@^2.0.0-rc.0":
  version "2.4.1"
  resolved "https://registry.yarnpkg.com/@parcel/transformer-sass/-/transformer-sass-2.4.1.tgz#c2a0071abcede58cae8db5415fd4391603d8eb79"
  integrity sha512-MRvQw2RYARF/jzxlgg3TE1a1cEatWIoVDdODvgWSa/SBPobM1R3/g6Fs5UN7CcXi8EvVMZszCrwrQ+Mnw1KAFA==
  dependencies:
    "@parcel/plugin" "2.4.1"
    "@parcel/source-map" "^2.0.0"
    sass "^1.38.0"

"@parcel/types@2.4.1":
  version "2.4.1"
  resolved "https://registry.yarnpkg.com/@parcel/types/-/types-2.4.1.tgz#4cd7b99db403ec36a1fe9f31a6320b2f6148f580"
  integrity sha512-YqkiyGS8oiD89Z2lJP7sbjn0F0wlSJMAuqgqf7obeKj0zmZJS7n2xK0uUEuIlUO+Cbqgl0kCGsUSjuT8xcEqjg==
  dependencies:
    "@parcel/cache" "2.4.1"
    "@parcel/diagnostic" "2.4.1"
    "@parcel/fs" "2.4.1"
    "@parcel/package-manager" "2.4.1"
    "@parcel/source-map" "^2.0.0"
    "@parcel/workers" "2.4.1"
    utility-types "^3.10.0"

"@parcel/utils@2.4.1":
  version "2.4.1"
  resolved "https://registry.yarnpkg.com/@parcel/utils/-/utils-2.4.1.tgz#1d8e30fc0fb61a52c3445235f0ed2e0130a29797"
  integrity sha512-hmbrnPtFAfMT6s9FMMIVlIzCwEFX/+byB67GoJmSCAMRmj6RMu4a6xKlv2FdzkTKJV2ucg8vxAcua0MQ/q8rkQ==
  dependencies:
    "@parcel/codeframe" "2.4.1"
    "@parcel/diagnostic" "2.4.1"
    "@parcel/hash" "2.4.1"
    "@parcel/logger" "2.4.1"
    "@parcel/markdown-ansi" "2.4.1"
    "@parcel/source-map" "^2.0.0"
    chalk "^4.1.0"

"@parcel/watcher@^2.0.0":
  version "2.0.5"
  resolved "https://registry.yarnpkg.com/@parcel/watcher/-/watcher-2.0.5.tgz#f913a54e1601b0aac972803829b0eece48de215b"
  integrity sha512-x0hUbjv891omnkcHD7ZOhiyyUqUUR6MNjq89JhEI3BxppeKWAm6NPQsqqRrAkCJBogdT/o/My21sXtTI9rJIsw==
  dependencies:
    node-addon-api "^3.2.1"
    node-gyp-build "^4.3.0"

"@parcel/workers@2.4.1":
  version "2.4.1"
  resolved "https://registry.yarnpkg.com/@parcel/workers/-/workers-2.4.1.tgz#27bc3ac703625bc1694873fee07fdbeaf555d987"
  integrity sha512-EYujbJOblFqIt2NGQ+baIYTuavJqbhy84IfZ3j0jmACeKO5Ew1EHXZyl9LJgWHKaIPZsnvnbxw2mDOF05K65xQ==
  dependencies:
    "@parcel/diagnostic" "2.4.1"
    "@parcel/logger" "2.4.1"
    "@parcel/types" "2.4.1"
    "@parcel/utils" "2.4.1"
    chrome-trace-event "^1.0.2"
    nullthrows "^1.1.1"

"@popperjs/core@^2.10.1":
  version "2.11.5"
  resolved "https://registry.yarnpkg.com/@popperjs/core/-/core-2.11.5.tgz#db5a11bf66bdab39569719555b0f76e138d7bd64"
  integrity sha512-9X2obfABZuDVLCgPK9aX0a/x4jaOEweTTWE2+9sr0Qqqevj2Uv5XorvusThmc9XGYpS9yI+fhh8RTafBtGposw==

"@react-aria/ssr@^3.0.1":
  version "3.1.2"
  resolved "https://registry.yarnpkg.com/@react-aria/ssr/-/ssr-3.1.2.tgz#665a6fd56385068c7417922af2d0d71b0618e52d"
  integrity sha512-amXY11ImpokvkTMeKRHjsSsG7v1yzzs6yeqArCyBIk60J3Yhgxwx9Cah+Uu/804ATFwqzN22AXIo7SdtIaMP+g==
  dependencies:
    "@babel/runtime" "^7.6.2"

"@restart/hooks@^0.4.0", "@restart/hooks@^0.4.6":
  version "0.4.6"
  resolved "https://registry.yarnpkg.com/@restart/hooks/-/hooks-0.4.6.tgz#15dcf34631a618c513efc924705c7cbe349a4a0c"
  integrity sha512-FzpEzy6QeLB3OpUrC9OQD/lWCluQmilLfRGa/DqbB6OmV05AEt/0Lgn3Jf6l27UIJMK0qFmNcps6p8DNLXa6Pw==
  dependencies:
    dequal "^2.0.2"

"@restart/ui@^1.2.0":
  version "1.2.0"
  resolved "https://registry.yarnpkg.com/@restart/ui/-/ui-1.2.0.tgz#fb90251aa25f99b41ccedc78a91d2a15f3c5e0fb"
  integrity sha512-oIh2t3tG8drZtZ9SlaV5CY6wGsUViHk8ZajjhcI+74IQHyWy+AnxDv8rJR5wVgsgcgrPBUvGNkC1AEdcGNPaLQ==
  dependencies:
    "@babel/runtime" "^7.13.16"
    "@popperjs/core" "^2.10.1"
    "@react-aria/ssr" "^3.0.1"
    "@restart/hooks" "^0.4.0"
    "@types/warning" "^3.0.0"
    dequal "^2.0.2"
    dom-helpers "^5.2.0"
    uncontrollable "^7.2.1"
    warning "^4.0.3"

"@types/invariant@^2.2.35":
  version "2.2.35"
  resolved "https://registry.yarnpkg.com/@types/invariant/-/invariant-2.2.35.tgz#cd3ebf581a6557452735688d8daba6cf0bd5a3be"
  integrity sha512-DxX1V9P8zdJPYQat1gHyY0xj3efl8gnMVjiM9iCY6y27lj+PoQWkgjt8jDqmovPqULkKVpKRg8J36iQiA+EtEg==

"@types/prop-types@*", "@types/prop-types@^15.7.4":
  version "15.7.5"
  resolved "https://registry.yarnpkg.com/@types/prop-types/-/prop-types-15.7.5.tgz#5f19d2b85a98e9558036f6a3cacc8819420f05cf"
  integrity sha512-JCB8C6SnDoQf0cNycqd/35A7MjcnK+ZTqE7judS6o7utxUCg6imJg3QK2qzHKszlTjcj2cn+NwMB2i96ubpj7w==

"@types/react-transition-group@^4.4.4":
  version "4.4.4"
  resolved "https://registry.yarnpkg.com/@types/react-transition-group/-/react-transition-group-4.4.4.tgz#acd4cceaa2be6b757db61ed7b432e103242d163e"
  integrity sha512-7gAPz7anVK5xzbeQW9wFBDg7G++aPLAFY0QaSMOou9rJZpbuI58WAuJrgu+qR92l61grlnCUe7AFX8KGahAgug==
  dependencies:
    "@types/react" "*"

"@types/react@*", "@types/react@>=16.14.8", "@types/react@>=16.9.11":
  version "18.0.0"
  resolved "https://registry.yarnpkg.com/@types/react/-/react-18.0.0.tgz#4be8aa3a2d04afc3ac2cc1ca43d39b0bd412890c"
  integrity sha512-7+K7zEQYu7NzOwQGLR91KwWXXDzmTFODRVizJyIALf6RfLv2GDpqpknX64pvRVILXCpXi7O/pua8NGk44dLvJw==
  dependencies:
    "@types/prop-types" "*"
    "@types/scheduler" "*"
    csstype "^3.0.2"

"@types/scheduler@*":
  version "0.16.2"
  resolved "https://registry.yarnpkg.com/@types/scheduler/-/scheduler-0.16.2.tgz#1a62f89525723dde24ba1b01b092bf5df8ad4d39"
  integrity sha512-hppQEBDmlwhFAXKJX2KnWLYu5yMfi91yazPb2l+lbJiwW+wdo1gNeRA+3RgNSO39WYX2euey41KEwnqesU2Jew==

"@types/warning@^3.0.0":
  version "3.0.0"
  resolved "https://registry.yarnpkg.com/@types/warning/-/warning-3.0.0.tgz#0d2501268ad8f9962b740d387c4654f5f8e23e52"
  integrity sha1-DSUBJorY+ZYrdA04fEZU9fjiPlI=

ansi-styles@^4.1.0:
  version "4.3.0"
  resolved "https://registry.yarnpkg.com/ansi-styles/-/ansi-styles-4.3.0.tgz#edd803628ae71c04c85ae7a0906edad34b648937"
  integrity sha512-zbB9rCJAT1rbjiVDb2hqKFHNYLxgtk8NURxZ3IZwD3F6NtxbXZQCnnSi1Lkx+IDohdPlFp222wVALIheZJQSEg==
  dependencies:
    color-convert "^2.0.1"

anymatch@~3.1.2:
  version "3.1.2"
  resolved "https://registry.yarnpkg.com/anymatch/-/anymatch-3.1.2.tgz#c0557c096af32f106198f4f4e2a383537e378716"
  integrity sha512-P43ePfOAIupkguHUycrc4qJ9kz8ZiuOUijaETwX7THt0Y/GNK7v0aa8rY816xWjZ7rJdA5XdMcpVFTKMq+RvWg==
  dependencies:
    normalize-path "^3.0.0"
    picomatch "^2.0.4"

array-union@^1.0.1:
  version "1.0.2"
  resolved "https://registry.yarnpkg.com/array-union/-/array-union-1.0.2.tgz#9a34410e4f4e3da23dea375be5be70f24778ec39"
  integrity sha1-mjRBDk9OPaI96jdb5b5w8kd47Dk=
  dependencies:
    array-uniq "^1.0.1"

array-uniq@^1.0.1:
  version "1.0.3"
  resolved "https://registry.yarnpkg.com/array-uniq/-/array-uniq-1.0.3.tgz#af6ac877a25cc7f74e058894753858dfdb24fdb6"
  integrity sha1-r2rId6Jcx/dOBYiUdThY39sk/bY=

async@^2.6.1:
  version "2.6.3"
  resolved "https://registry.yarnpkg.com/async/-/async-2.6.3.tgz#d72625e2344a3656e3a3ad4fa749fa83299d82ff"
  integrity sha512-zflvls11DCy+dQWzTW2dzuilv8Z5X/pjfmZOWba6TNIVDm+2UDaJmXSOXlasHKfNBs8oo3M0aT50fDEWfKZjXg==
  dependencies:
    lodash "^4.17.14"

axios@^0.26.1:
  version "0.26.1"
  resolved "https://registry.yarnpkg.com/axios/-/axios-0.26.1.tgz#1ede41c51fcf51bbbd6fd43669caaa4f0495aaa9"
  integrity sha512-fPwcX4EvnSHuInCMItEhAGnaSEXRBjtzh9fOtsE6E1G6p7vl7edEeZe11QHf18+6+9gR5PbKV/sGKNaD8YaMeA==
  dependencies:
    follow-redirects "^1.14.8"

balanced-match@^1.0.0:
  version "1.0.2"
  resolved "https://registry.yarnpkg.com/balanced-match/-/balanced-match-1.0.2.tgz#e83e3a7e3f300b34cb9d87f615fa0cbf357690ee"
  integrity sha512-3oSeUO0TMV67hN1AmbXsK4yaqU7tjiHlbxRDZOpH0KW9+CeX4bRAaX0Anxt0tx2MrpRpWwQaPwIlISEJhYU5Pw==

binary-extensions@^2.0.0:
  version "2.2.0"
  resolved "https://registry.yarnpkg.com/binary-extensions/-/binary-extensions-2.2.0.tgz#75f502eeaf9ffde42fc98829645be4ea76bd9e2d"
  integrity sha512-jDctJ/IVQbZoJykoeHbhXpOlNBqGNcwXJKJog42E5HDPUwQTSdjCHdihjj0DlnheQ7blbT6dHOafNAiS8ooQKA==

brace-expansion@^1.1.7:
  version "1.1.11"
  resolved "https://registry.yarnpkg.com/brace-expansion/-/brace-expansion-1.1.11.tgz#3c7fcbf529d87226f3d2f52b966ff5271eb441dd"
  integrity sha512-iCuPHDFgrHX7H2vEI/5xpz07zSHB00TpugqhmYtVmMO6518mCuRMoOYFldEBl0g187ufozdaHgWKcYFb61qGiA==
  dependencies:
    balanced-match "^1.0.0"
    concat-map "0.0.1"

braces@~3.0.2:
  version "3.0.2"
  resolved "https://registry.yarnpkg.com/braces/-/braces-3.0.2.tgz#3454e1a462ee8d599e236df336cd9ea4f8afe107"
  integrity sha512-b8um+L1RzM3WDSzvhm6gIz1yfTbBt6YTlcEKAvsmqCZZFw46z626lVj9j1yEPW33H5H+lBQpZMP1k8l+78Ha0A==
  dependencies:
    fill-range "^7.0.1"

chalk@^4.1.0:
  version "4.1.2"
  resolved "https://registry.yarnpkg.com/chalk/-/chalk-4.1.2.tgz#aac4e2b7734a740867aeb16bf02aad556a1e7a01"
  integrity sha512-oKnbhFyRIXpUuez8iBMmyEa4nbj4IOQyuhc/wy9kY7/WVPcwIO9VA668Pu8RkO7+0G76SLROeyw9CpQ061i4mA==
  dependencies:
    ansi-styles "^4.1.0"
    supports-color "^7.1.0"

"chokidar@>=3.0.0 <4.0.0":
  version "3.5.3"
  resolved "https://registry.yarnpkg.com/chokidar/-/chokidar-3.5.3.tgz#1cf37c8707b932bd1af1ae22c0432e2acd1903bd"
  integrity sha512-Dr3sfKRP6oTcjf2JmUmFJfeVMvXBdegxB0iVQ5eb2V10uFJUCAS8OByZdVAyVb8xXNz3GjjTgj9kLWsZTqE6kw==
  dependencies:
    anymatch "~3.1.2"
    braces "~3.0.2"
    glob-parent "~5.1.2"
    is-binary-path "~2.1.0"
    is-glob "~4.0.1"
    normalize-path "~3.0.0"
    readdirp "~3.6.0"
  optionalDependencies:
    fsevents "~2.3.2"

chrome-trace-event@^1.0.2:
  version "1.0.3"
  resolved "https://registry.yarnpkg.com/chrome-trace-event/-/chrome-trace-event-1.0.3.tgz#1015eced4741e15d06664a957dbbf50d041e26ac"
  integrity sha512-p3KULyQg4S7NIHixdwbGX+nFHkoBiA4YQmyWtjb8XngSKV124nJmRysgAeujbUVb15vh+RvFUfCPqU7rXk+hZg==

classnames@^2.3.1:
  version "2.3.1"
  resolved "https://registry.yarnpkg.com/classnames/-/classnames-2.3.1.tgz#dfcfa3891e306ec1dad105d0e88f4417b8535e8e"
  integrity sha512-OlQdbZ7gLfGarSqxesMesDa5uz7KFbID8Kpq/SxIoNGDqY8lSYs0D+hhtBXhcdB3rcbXArFr7vlHheLk1voeNA==

color-convert@^2.0.1:
  version "2.0.1"
  resolved "https://registry.yarnpkg.com/color-convert/-/color-convert-2.0.1.tgz#72d3a68d598c9bdb3af2ad1e84f21d896abd4de3"
  integrity sha512-RRECPsj7iu/xb5oKYcsFHSppFNnsj/52OVTRKb4zP5onXwVF3zVmmToNcOfGC+CRDpfK/U584fMg38ZHCaElKQ==
  dependencies:
    color-name "~1.1.4"

color-name@~1.1.4:
  version "1.1.4"
  resolved "https://registry.yarnpkg.com/color-name/-/color-name-1.1.4.tgz#c2a09a87acbde69543de6f63fa3995c826c536a2"
  integrity sha512-dOy+3AuW3a2wNbZHIuMZpTcgjGuLU/uBL/ubcZF9OXbDo8ff4O8yVp5Bf0efS8uEoYo5q4Fx7dY9OgQGXgAsQA==

commander@^2.18.0:
  version "2.20.3"
  resolved "https://registry.yarnpkg.com/commander/-/commander-2.20.3.tgz#fd485e84c03eb4881c20722ba48035e8531aeb33"
  integrity sha512-GpVkmM8vF2vQUkj2LvZmD35JxeJOLCwJ9cUkugyk2nuhbv3+mJvpLYYt+0+USMxE+oj+ey/lJEnhZw75x/OMcQ==

commondir@^1.0.1:
  version "1.0.1"
  resolved "https://registry.yarnpkg.com/commondir/-/commondir-1.0.1.tgz#ddd800da0c66127393cca5950ea968a3aaf1253b"
  integrity sha1-3dgA2gxmEnOTzKWVDqloo6rxJTs=

concat-map@0.0.1:
  version "0.0.1"
  resolved "https://registry.yarnpkg.com/concat-map/-/concat-map-0.0.1.tgz#d8a96bd77fd68df7793a73036a3ba0d5405d477b"
  integrity sha1-2Klr13/Wjfd5OnMDajug1UBdR3s=

csstype@^3.0.2:
  version "3.0.11"
  resolved "https://registry.yarnpkg.com/csstype/-/csstype-3.0.11.tgz#d66700c5eacfac1940deb4e3ee5642792d85cd33"
  integrity sha512-sa6P2wJ+CAbgyy4KFssIb/JNMLxFvKF1pCYCSXS8ZMuqZnMsrxqI2E5sPyoTpxoPU/gVZMzr2zjOfg8GIZOMsw==

dequal@^2.0.2:
  version "2.0.2"
  resolved "https://registry.yarnpkg.com/dequal/-/dequal-2.0.2.tgz#85ca22025e3a87e65ef75a7a437b35284a7e319d"
  integrity sha512-q9K8BlJVxK7hQYqa6XISGmBZbtQQWVXSrRrWreHC94rMt1QL/Impruc+7p2CYSYuVIUr+YCt6hjrs1kkdJRTug==

detect-libc@^1.0.3:
  version "1.0.3"
  resolved "https://registry.yarnpkg.com/detect-libc/-/detect-libc-1.0.3.tgz#fa137c4bd698edf55cd5cd02ac559f91a4c4ba9b"
  integrity sha1-+hN8S9aY7fVc1c0CrFWfkaTEups=

dom-helpers@^5.0.1, dom-helpers@^5.2.0, dom-helpers@^5.2.1:
  version "5.2.1"
  resolved "https://registry.yarnpkg.com/dom-helpers/-/dom-helpers-5.2.1.tgz#d9400536b2bf8225ad98fe052e029451ac40e902"
  integrity sha512-nRCa7CK3VTrM2NmGkIy4cbK7IZlgBE/PYMn55rrXefr5xXDP0LdtfPnblFDoVdcAfslJ7or6iqAUnx0CCGIWQA==
  dependencies:
    "@babel/runtime" "^7.8.7"
    csstype "^3.0.2"

email-addresses@^3.0.1:
  version "3.1.0"
  resolved "https://registry.yarnpkg.com/email-addresses/-/email-addresses-3.1.0.tgz#cabf7e085cbdb63008a70319a74e6136188812fb"
  integrity sha512-k0/r7GrWVL32kZlGwfPNgB2Y/mMXVTq/decgLczm/j34whdaspNrZO8CnXPf1laaHxI6ptUlsnAxN+UAPw+fzg==

escape-string-regexp@^1.0.2:
  version "1.0.5"
  resolved "https://registry.yarnpkg.com/escape-string-regexp/-/escape-string-regexp-1.0.5.tgz#1b61c0562190a8dff6ae3bb2cf0200ca130b86d4"
  integrity sha1-G2HAViGQqN/2rjuyzwIAyhMLhtQ=

filename-reserved-regex@^2.0.0:
  version "2.0.0"
  resolved "https://registry.yarnpkg.com/filename-reserved-regex/-/filename-reserved-regex-2.0.0.tgz#abf73dfab735d045440abfea2d91f389ebbfa229"
  integrity sha1-q/c9+rc10EVECr/qLZHzieu/oik=

filenamify@^4.3.0:
  version "4.3.0"
  resolved "https://registry.yarnpkg.com/filenamify/-/filenamify-4.3.0.tgz#62391cb58f02b09971c9d4f9d63b3cf9aba03106"
  integrity sha512-hcFKyUG57yWGAzu1CMt/dPzYZuv+jAJUT85bL8mrXvNe6hWj6yEHEc4EdcgiA6Z3oi1/9wXJdZPXF2dZNgwgOg==
  dependencies:
    filename-reserved-regex "^2.0.0"
    strip-outer "^1.0.1"
    trim-repeated "^1.0.0"

fill-range@^7.0.1:
  version "7.0.1"
  resolved "https://registry.yarnpkg.com/fill-range/-/fill-range-7.0.1.tgz#1919a6a7c75fe38b2c7c77e5198535da9acdda40"
  integrity sha512-qOo9F+dMUmC2Lcb4BbVvnKJxTPjCm+RRpe4gDuGrzkL7mEVl/djYSu2OdQ2Pa302N4oqkSg9ir6jaLWJ2USVpQ==
  dependencies:
    to-regex-range "^5.0.1"

find-cache-dir@^3.3.1:
  version "3.3.2"
  resolved "https://registry.yarnpkg.com/find-cache-dir/-/find-cache-dir-3.3.2.tgz#b30c5b6eff0730731aea9bbd9dbecbd80256d64b"
  integrity sha512-wXZV5emFEjrridIgED11OoUKLxiYjAcqot/NJdAkOhlJ+vGzwhOAfcG5OX1jP+S0PcjEn8bdMJv+g2jwQ3Onig==
  dependencies:
    commondir "^1.0.1"
    make-dir "^3.0.2"
    pkg-dir "^4.1.0"

find-up@^4.0.0:
  version "4.1.0"
  resolved "https://registry.yarnpkg.com/find-up/-/find-up-4.1.0.tgz#97afe7d6cdc0bc5928584b7c8d7b16e8a9aa5d19"
  integrity sha512-PpOwAdQ/YlXQ2vj8a3h8IipDuYRi3wceVQQGYWxNINccq40Anw7BlsEXCMbt1Zt+OLA6Fq9suIpIWD0OsnISlw==
  dependencies:
    locate-path "^5.0.0"
    path-exists "^4.0.0"

follow-redirects@^1.14.8:
  version "1.14.9"
  resolved "https://registry.yarnpkg.com/follow-redirects/-/follow-redirects-1.14.9.tgz#dd4ea157de7bfaf9ea9b3fbd85aa16951f78d8d7"
  integrity sha512-MQDfihBQYMcyy5dhRDJUHcw7lb2Pv/TuE6xP1vyraLukNDHKbDxDNaOE3NbCAdKQApno+GPRyo1YAp89yCjK4w==

fs-extra@^8.1.0:
  version "8.1.0"
  resolved "https://registry.yarnpkg.com/fs-extra/-/fs-extra-8.1.0.tgz#49d43c45a88cd9677668cb7be1b46efdb8d2e1c0"
  integrity sha512-yhlQgA6mnOJUKOsRUFsgJdQCvkKhcz8tlZG5HBQfReYZy46OwLcY+Zia0mtdHsOo9y/hP+CxMN0TU9QxoOtG4g==
  dependencies:
    graceful-fs "^4.2.0"
    jsonfile "^4.0.0"
    universalify "^0.1.0"

fs.realpath@^1.0.0:
  version "1.0.0"
  resolved "https://registry.yarnpkg.com/fs.realpath/-/fs.realpath-1.0.0.tgz#1504ad2523158caa40db4a2787cb01411994ea4f"
  integrity sha1-FQStJSMVjKpA20onh8sBQRmU6k8=

fsevents@~2.3.2:
  version "2.3.2"
  resolved "https://registry.yarnpkg.com/fsevents/-/fsevents-2.3.2.tgz#8a526f78b8fdf4623b709e0b975c52c24c02fd1a"
  integrity sha512-xiqMQR4xAeHTuB9uWm+fFRcIOgKBMiOBP+eXiyT7jsgVCq1bkVygt00oASowB7EdtpOHaaPgKt812P9ab+DDKA==

gh-pages@^3.2.3:
  version "3.2.3"
  resolved "https://registry.yarnpkg.com/gh-pages/-/gh-pages-3.2.3.tgz#897e5f15e111f42af57d21d430b83e5cdf29472c"
  integrity sha512-jA1PbapQ1jqzacECfjUaO9gV8uBgU6XNMV0oXLtfCX3haGLe5Atq8BxlrADhbD6/UdG9j6tZLWAkAybndOXTJg==
  dependencies:
    async "^2.6.1"
    commander "^2.18.0"
    email-addresses "^3.0.1"
    filenamify "^4.3.0"
    find-cache-dir "^3.3.1"
    fs-extra "^8.1.0"
    globby "^6.1.0"

glob-parent@~5.1.2:
  version "5.1.2"
  resolved "https://registry.yarnpkg.com/glob-parent/-/glob-parent-5.1.2.tgz#869832c58034fe68a4093c17dc15e8340d8401c4"
  integrity sha512-AOIgSQCepiJYwP3ARnGx+5VnTu2HBYdzbGP45eLw1vr3zB3vZLeyed1sC9hnbcOc9/SrMyM5RPQrkGz4aS9Zow==
  dependencies:
    is-glob "^4.0.1"

glob@^7.0.3:
  version "7.2.0"
  resolved "https://registry.yarnpkg.com/glob/-/glob-7.2.0.tgz#d15535af7732e02e948f4c41628bd910293f6023"
  integrity sha512-lmLf6gtyrPq8tTjSmrO94wBeQbFR3HbLHbuyD69wuyQkImp2hWqMGB47OX65FBkPffO641IP9jWa1z4ivqG26Q==
  dependencies:
    fs.realpath "^1.0.0"
    inflight "^1.0.4"
    inherits "2"
    minimatch "^3.0.4"
    once "^1.3.0"
    path-is-absolute "^1.0.0"

globby@^6.1.0:
  version "6.1.0"
  resolved "https://registry.yarnpkg.com/globby/-/globby-6.1.0.tgz#f5a6d70e8395e21c858fb0489d64df02424d506c"
  integrity sha1-9abXDoOV4hyFj7BInWTfAkJNUGw=
  dependencies:
    array-union "^1.0.1"
    glob "^7.0.3"
    object-assign "^4.0.1"
    pify "^2.0.0"
    pinkie-promise "^2.0.0"

graceful-fs@^4.1.6, graceful-fs@^4.2.0:
  version "4.2.10"
  resolved "https://registry.yarnpkg.com/graceful-fs/-/graceful-fs-4.2.10.tgz#147d3a006da4ca3ce14728c7aefc287c367d7a6c"
  integrity sha512-9ByhssR2fPVsNZj478qUUbKfmL0+t5BDVyjShtyZZLiK7ZDAArFFfopyOTj0M05wE2tJPisA4iTnnXl2YoPvOA==

has-flag@^4.0.0:
  version "4.0.0"
  resolved "https://registry.yarnpkg.com/has-flag/-/has-flag-4.0.0.tgz#944771fd9c81c81265c4d6941860da06bb59479b"
  integrity sha512-EykJT/Q1KjTWctppgIAgfSO0tKVuZUjhgMr17kqTumMl6Afv3EISleU7qZUzoXDFTAHTDC4NOoG/ZxU3EvlMPQ==

history@^4.9.0:
  version "4.10.1"
  resolved "https://registry.yarnpkg.com/history/-/history-4.10.1.tgz#33371a65e3a83b267434e2b3f3b1b4c58aad4cf3"
  integrity sha512-36nwAD620w12kuzPAsyINPWJqlNbij+hpK1k9XRloDtym8mxzGYl2c17LnV6IAGB2Dmg4tEa7G7DlawS0+qjew==
  dependencies:
    "@babel/runtime" "^7.1.2"
    loose-envify "^1.2.0"
    resolve-pathname "^3.0.0"
    tiny-invariant "^1.0.2"
    tiny-warning "^1.0.0"
    value-equal "^1.0.1"

hoist-non-react-statics@^3.1.0:
  version "3.3.2"
  resolved "https://registry.yarnpkg.com/hoist-non-react-statics/-/hoist-non-react-statics-3.3.2.tgz#ece0acaf71d62c2969c2ec59feff42a4b1a85b45"
  integrity sha512-/gGivxi8JPKWNm/W0jSmzcMPpfpPLc3dY/6GxhX2hQ9iGj3aDfklV4ET7NjKpSinLpJ5vafa9iiGIEZg10SfBw==
  dependencies:
    react-is "^16.7.0"

immutable@^4.0.0:
  version "4.0.0"
  resolved "https://registry.yarnpkg.com/immutable/-/immutable-4.0.0.tgz#b86f78de6adef3608395efb269a91462797e2c23"
  integrity sha512-zIE9hX70qew5qTUjSS7wi1iwj/l7+m54KWU247nhM3v806UdGj1yDndXj+IOYxxtW9zyLI+xqFNZjTuDaLUqFw==

inflight@^1.0.4:
  version "1.0.6"
  resolved "https://registry.yarnpkg.com/inflight/-/inflight-1.0.6.tgz#49bd6331d7d02d0c09bc910a1075ba8165b56df9"
  integrity sha1-Sb1jMdfQLQwJvJEKEHW6gWW1bfk=
  dependencies:
    once "^1.3.0"
    wrappy "1"

inherits@2:
  version "2.0.4"
  resolved "https://registry.yarnpkg.com/inherits/-/inherits-2.0.4.tgz#0fa2c64f932917c3433a0ded55363aae37416b7c"
  integrity sha512-k/vGaX4/Yla3WzyMCvTQOXYeIHvqOKtnqBduzTHpzpQZzAskKMhZ2K+EnBiSM9zGSoIFeMpXKxa4dYeZIQqewQ==

invariant@^2.2.4:
  version "2.2.4"
  resolved "https://registry.yarnpkg.com/invariant/-/invariant-2.2.4.tgz#610f3c92c9359ce1db616e538008d23ff35158e6"
  integrity sha512-phJfQVBuaJM5raOpJjSfkiD6BpbCE4Ns//LaXl6wGYtUBY83nWS6Rf9tXm2e8VaK60JEjYldbPif/A2B1C2gNA==
  dependencies:
    loose-envify "^1.0.0"

is-binary-path@~2.1.0:
  version "2.1.0"
  resolved "https://registry.yarnpkg.com/is-binary-path/-/is-binary-path-2.1.0.tgz#ea1f7f3b80f064236e83470f86c09c254fb45b09"
  integrity sha512-ZMERYes6pDydyuGidse7OsHxtbI7WVeUEozgR/g7rd0xUimYNlvZRE/K2MgZTjWy725IfelLeVcEM97mmtRGXw==
  dependencies:
    binary-extensions "^2.0.0"

is-extglob@^2.1.1:
  version "2.1.1"
  resolved "https://registry.yarnpkg.com/is-extglob/-/is-extglob-2.1.1.tgz#a88c02535791f02ed37c76a1b9ea9773c833f8c2"
  integrity sha1-qIwCU1eR8C7TfHahueqXc8gz+MI=

is-glob@^4.0.1, is-glob@~4.0.1:
  version "4.0.3"
  resolved "https://registry.yarnpkg.com/is-glob/-/is-glob-4.0.3.tgz#64f61e42cbbb2eec2071a9dac0b28ba1e65d5084"
  integrity sha512-xelSayHH36ZgE7ZWhli7pW34hNbNl8Ojv5KVmkJD4hBdD3th8Tfk9vYasLM+mXWOZhFkgZfxhLSnrwRr4elSSg==
  dependencies:
    is-extglob "^2.1.1"

is-number@^7.0.0:
  version "7.0.0"
  resolved "https://registry.yarnpkg.com/is-number/-/is-number-7.0.0.tgz#7535345b896734d5f80c4d06c50955527a14f12b"
  integrity sha512-41Cifkg6e8TylSpdtTpeLVMqvSBEVzTttHvERD741+pnZ8ANv0004MRL43QKPDlK9cGvNp6NZWZUBlbGXYxxng==

isarray@0.0.1:
  version "0.0.1"
  resolved "https://registry.yarnpkg.com/isarray/-/isarray-0.0.1.tgz#8a18acfca9a8f4177e09abfc6038939b05d1eedf"
  integrity sha1-ihis/Kmo9Bd+Cav8YDiTmwXR7t8=

"js-tokens@^3.0.0 || ^4.0.0":
  version "4.0.0"
  resolved "https://registry.yarnpkg.com/js-tokens/-/js-tokens-4.0.0.tgz#19203fb59991df98e3a287050d4647cdeaf32499"
  integrity sha512-RdJUflcE3cUzKiMqQgsCu06FPu9UdIJO0beYbPhHN4k6apgJtifcoCtT9bcxOpYBtpD2kCM6Sbzg4CausW/PKQ==

json-source-map@^0.6.1:
  version "0.6.1"
  resolved "https://registry.yarnpkg.com/json-source-map/-/json-source-map-0.6.1.tgz#e0b1f6f4ce13a9ad57e2ae165a24d06e62c79a0f"
  integrity sha512-1QoztHPsMQqhDq0hlXY5ZqcEdUzxQEIxgFkKl4WUp2pgShObl+9ovi4kRh2TfvAfxAoHOJ9vIMEqk3k4iex7tg==

jsonfile@^4.0.0:
  version "4.0.0"
  resolved "https://registry.yarnpkg.com/jsonfile/-/jsonfile-4.0.0.tgz#8771aae0799b64076b76640fca058f9c10e33ecb"
  integrity sha1-h3Gq4HmbZAdrdmQPygWPnBDjPss=
  optionalDependencies:
    graceful-fs "^4.1.6"

lmdb@2.2.4:
  version "2.2.4"
  resolved "https://registry.yarnpkg.com/lmdb/-/lmdb-2.2.4.tgz#6494d5a1d1db152e0be759edcfa06893e4cbdb53"
  integrity sha512-gto+BB2uEob8qRiTlOq+R3uX0YNHsX9mjxj9Sbdue/LIKqu6IlZjrsjKeGyOMquc/474GEqFyX2pdytpydp0rQ==
  dependencies:
    msgpackr "^1.5.4"
    nan "^2.14.2"
    node-gyp-build "^4.2.3"
    ordered-binary "^1.2.4"
    weak-lru-cache "^1.2.2"

locate-path@^5.0.0:
  version "5.0.0"
  resolved "https://registry.yarnpkg.com/locate-path/-/locate-path-5.0.0.tgz#1afba396afd676a6d42504d0a67a3a7eb9f62aa0"
  integrity sha512-t7hw9pI+WvuwNJXwk5zVHpyhIqzg2qTlklJOf0mVxGSbe3Fp2VieZcduNYjaLDoy6p9uGpQEGWG87WpMKlNq8g==
  dependencies:
    p-locate "^4.1.0"

lodash@^4.17.14:
  version "4.17.21"
  resolved "https://registry.yarnpkg.com/lodash/-/lodash-4.17.21.tgz#679591c564c3bffaae8454cf0b3df370c3d6911c"
  integrity sha512-v2kDEe57lecTulaDIuNTPy3Ry4gLGJ6Z1O3vE1krgXZNrsQ+LFTGHVxVjcXPs17LhbZVGedAJv8XZ1tvj5FvSg==

loose-envify@^1.0.0, loose-envify@^1.1.0, loose-envify@^1.2.0, loose-envify@^1.3.1, loose-envify@^1.4.0:
  version "1.4.0"
  resolved "https://registry.yarnpkg.com/loose-envify/-/loose-envify-1.4.0.tgz#71ee51fa7be4caec1a63839f7e682d8132d30caf"
  integrity sha512-lyuxPGr/Wfhrlem2CL/UcnUc1zcqKAImBDzukY7Y5F/yQiNdko6+fRLevlw1HgMySw7f611UIY408EtxRSoK3Q==
  dependencies:
    js-tokens "^3.0.0 || ^4.0.0"

make-dir@^3.0.2:
  version "3.1.0"
  resolved "https://registry.yarnpkg.com/make-dir/-/make-dir-3.1.0.tgz#415e967046b3a7f1d185277d84aa58203726a13f"
  integrity sha512-g3FeP20LNwhALb/6Cz6Dd4F2ngze0jz7tbzrD2wAV+o9FeNHe4rL+yK2md0J/fiSf1sa1ADhXqi5+oVwOM/eGw==
  dependencies:
    semver "^6.0.0"

mini-create-react-context@^0.4.0:
  version "0.4.1"
  resolved "https://registry.yarnpkg.com/mini-create-react-context/-/mini-create-react-context-0.4.1.tgz#072171561bfdc922da08a60c2197a497cc2d1d5e"
  integrity sha512-YWCYEmd5CQeHGSAKrYvXgmzzkrvssZcuuQDDeqkT+PziKGMgE+0MCCtcKbROzocGBG1meBLl2FotlRwf4gAzbQ==
  dependencies:
    "@babel/runtime" "^7.12.1"
    tiny-warning "^1.0.3"

minimatch@^3.0.4:
  version "3.1.2"
  resolved "https://registry.yarnpkg.com/minimatch/-/minimatch-3.1.2.tgz#19cd194bfd3e428f049a70817c038d89ab4be35b"
  integrity sha512-J7p63hRiAjw1NDEww1W7i37+ByIrOWO5XQQAzZ3VOcL0PNybwpfmV/N05zFAzwQ9USyEcX6t3UO+K5aqBQOIHw==
  dependencies:
    brace-expansion "^1.1.7"

msgpackr-extract-darwin-arm64@1.1.0:
  version "1.1.0"
  resolved "https://registry.yarnpkg.com/msgpackr-extract-darwin-arm64/-/msgpackr-extract-darwin-arm64-1.1.0.tgz#d590dffac6b90edc3ab53392f7ec5668ed94638c"
  integrity sha512-s1kHoT12tS2cCQOv+Wl3I+/cYNJXBPtwQqGA+dPYoXmchhXiE0Nso+BIfvQ5PxbmAyjj54Q5o7PnLTqVquNfZA==

msgpackr-extract-darwin-x64@1.1.0:
  version "1.1.0"
  resolved "https://registry.yarnpkg.com/msgpackr-extract-darwin-x64/-/msgpackr-extract-darwin-x64-1.1.0.tgz#568cbdf5e819ac120659c02b0dbaabf483523ee3"
  integrity sha512-yx/H/i12IKg4eWGu/eKdKzJD4jaYvvujQSaVmeOMCesbSQnWo5X6YR9TFjoiNoU9Aexk1KufzL9gW+1DozG1yw==

msgpackr-extract-linux-arm64@1.1.0:
  version "1.1.0"
  resolved "https://registry.yarnpkg.com/msgpackr-extract-linux-arm64/-/msgpackr-extract-linux-arm64-1.1.0.tgz#c0a30e6687cea4f79115f5762c5fdff90e4a20d4"
  integrity sha512-AxFle3fHNwz2V4CYDIGFxI6o/ZuI0lBKg0uHI8EcCMUmDE5mVAUWYge5WXmORVvb8sVWyVgFlmi3MTu4Ve6tNQ==

msgpackr-extract-linux-arm@1.1.0:
  version "1.1.0"
  resolved "https://registry.yarnpkg.com/msgpackr-extract-linux-arm/-/msgpackr-extract-linux-arm-1.1.0.tgz#38e8db873b6b3986558bde4d7bb15eacc8743a9e"
  integrity sha512-0VvSCqi12xpavxl14gMrauwIzHqHbmSChUijy/uo3mpjB1Pk4vlisKpZsaOZvNJyNKj0ACi5jYtbWnnOd7hYGw==

msgpackr-extract-linux-x64@1.1.0:
  version "1.1.0"
  resolved "https://registry.yarnpkg.com/msgpackr-extract-linux-x64/-/msgpackr-extract-linux-x64-1.1.0.tgz#8c44ca5211d9fa6af77be64a8e687c0be0491ce7"
  integrity sha512-O+XoyNFWpdB8oQL6O/YyzffPpmG5rTNrr1nKLW70HD2ENJUhcITzbV7eZimHPzkn8LAGls1tBaMTHQezTBpFOw==

msgpackr-extract-win32-x64@1.1.0:
  version "1.1.0"
  resolved "https://registry.yarnpkg.com/msgpackr-extract-win32-x64/-/msgpackr-extract-win32-x64-1.1.0.tgz#7bf9bd258e334668842c7532e5e40a60ca3325d7"
  integrity sha512-6AJdM5rNsL4yrskRfhujVSPEd6IBpgvsnIT/TPowKNLQ62iIdryizPY2PJNFiW3AJcY249AHEiDBXS1cTDPxzA==

msgpackr-extract@^1.0.14:
  version "1.1.3"
  resolved "https://registry.yarnpkg.com/msgpackr-extract/-/msgpackr-extract-1.1.3.tgz#1f9ae04ee345511a97875813e089461a8223c9d3"
  integrity sha512-eFFRviOsqjfr6tOBwuccUdTaTPWn3Rb/Kf5zjoz5IZJMpQD4ZeLecDcRzuze+jzlqQ2cJo1gyuV8dCFEojWkjg==
  dependencies:
    node-gyp-build-optional-packages "^4.3.1"
  optionalDependencies:
    msgpackr-extract-darwin-arm64 "1.1.0"
    msgpackr-extract-darwin-x64 "1.1.0"
    msgpackr-extract-linux-arm "1.1.0"
    msgpackr-extract-linux-arm64 "1.1.0"
    msgpackr-extract-linux-x64 "1.1.0"
    msgpackr-extract-win32-x64 "1.1.0"

msgpackr@^1.5.4:
  version "1.5.5"
  resolved "https://registry.yarnpkg.com/msgpackr/-/msgpackr-1.5.5.tgz#c0562abc2951d7e29f75d77a8656b01f103a042c"
  integrity sha512-JG0V47xRIQ9pyUnx6Hb4+3TrQoia2nA3UIdmyTldhxaxtKFkekkKpUW/N6fwHwod9o4BGuJGtouxOk+yCP5PEA==
  optionalDependencies:
    msgpackr-extract "^1.0.14"

nan@^2.14.2:
  version "2.15.0"
  resolved "https://registry.yarnpkg.com/nan/-/nan-2.15.0.tgz#3f34a473ff18e15c1b5626b62903b5ad6e665fee"
  integrity sha512-8ZtvEnA2c5aYCZYd1cvgdnU6cqwixRoYg70xPLWUws5ORTa/lnw+u4amixRS/Ac5U5mQVgp9pnlSUnbNWFaWZQ==

node-addon-api@^3.2.1:
  version "3.2.1"
  resolved "https://registry.yarnpkg.com/node-addon-api/-/node-addon-api-3.2.1.tgz#81325e0a2117789c0128dab65e7e38f07ceba161"
  integrity sha512-mmcei9JghVNDYydghQmeDX8KoAm0FAiYyIcUt/N4nhyAipB17pllZQDOJD2fotxABnt4Mdz+dKTO7eftLg4d0A==

node-gyp-build-optional-packages@^4.3.1:
  version "4.3.1"
  resolved "https://registry.yarnpkg.com/node-gyp-build-optional-packages/-/node-gyp-build-optional-packages-4.3.1.tgz#124d67ab7c69338fd62b5c3c61b50c3f5ec60c2e"
  integrity sha512-pxljizahvoXKVtlo+D+YOcHYG2931/aBdNoqfynHDNwWRIe94CgkIUZfeOOFaHY+hl5lYkyI9RzGfr/gWxlR4Q==

node-gyp-build@^4.2.3, node-gyp-build@^4.3.0:
  version "4.4.0"
  resolved "https://registry.yarnpkg.com/node-gyp-build/-/node-gyp-build-4.4.0.tgz#42e99687ce87ddeaf3a10b99dc06abc11021f3f4"
  integrity sha512-amJnQCcgtRVw9SvoebO3BKGESClrfXGCUTX9hSn1OuGQTQBOZmVd0Z0OlecpuRksKvbsUqALE8jls/ErClAPuQ==

normalize-path@^3.0.0, normalize-path@~3.0.0:
  version "3.0.0"
  resolved "https://registry.yarnpkg.com/normalize-path/-/normalize-path-3.0.0.tgz#0dcd69ff23a1c9b11fd0978316644a0388216a65"
  integrity sha512-6eZs5Ls3WtCisHWp9S2GUy8dqkpGi4BVSz3GaqiE6ezub0512ESztXUwUB6C6IKbQkY2Pnb/mD4WYojCRwcwLA==

nullthrows@^1.1.1:
  version "1.1.1"
  resolved "https://registry.yarnpkg.com/nullthrows/-/nullthrows-1.1.1.tgz#7818258843856ae971eae4208ad7d7eb19a431b1"
  integrity sha512-2vPPEi+Z7WqML2jZYddDIfy5Dqb0r2fze2zTxNNknZaFpVHU3mFB3R+DWeJWGVx0ecvttSGlJTI+WG+8Z4cDWw==

object-assign@^4.0.1, object-assign@^4.1.1:
  version "4.1.1"
  resolved "https://registry.yarnpkg.com/object-assign/-/object-assign-4.1.1.tgz#2109adc7965887cfc05cbbd442cac8bfbb360863"
  integrity sha1-IQmtx5ZYh8/AXLvUQsrIv7s2CGM=

once@^1.3.0:
  version "1.4.0"
  resolved "https://registry.yarnpkg.com/once/-/once-1.4.0.tgz#583b1aa775961d4b113ac17d9c50baef9dd76bd1"
  integrity sha1-WDsap3WWHUsROsF9nFC6753Xa9E=
  dependencies:
    wrappy "1"

ordered-binary@^1.2.4:
  version "1.2.4"
  resolved "https://registry.yarnpkg.com/ordered-binary/-/ordered-binary-1.2.4.tgz#51d3a03af078a0bdba6c7bc8f4fedd1f5d45d83e"
  integrity sha512-A/csN0d3n+igxBPfUrjbV5GC69LWj2pjZzAAeeHXLukQ4+fytfP4T1Lg0ju7MSPSwq7KtHkGaiwO8URZN5IpLg==

p-limit@^2.2.0:
  version "2.3.0"
  resolved "https://registry.yarnpkg.com/p-limit/-/p-limit-2.3.0.tgz#3dd33c647a214fdfffd835933eb086da0dc21db1"
  integrity sha512-//88mFWSJx8lxCzwdAABTJL2MyWB12+eIY7MDL2SqLmAkeKU9qxRvWuSyTjm3FUmpBEMuFfckAIqEaVGUDxb6w==
  dependencies:
    p-try "^2.0.0"

p-locate@^4.1.0:
  version "4.1.0"
  resolved "https://registry.yarnpkg.com/p-locate/-/p-locate-4.1.0.tgz#a3428bb7088b3a60292f66919278b7c297ad4f07"
  integrity sha512-R79ZZ/0wAxKGu3oYMlz8jy/kbhsNrS7SKZ7PxEHBgJ5+F2mtFW2fK2cOtBh1cHYkQsbzFV7I+EoRKe6Yt0oK7A==
  dependencies:
    p-limit "^2.2.0"

p-try@^2.0.0:
  version "2.2.0"
  resolved "https://registry.yarnpkg.com/p-try/-/p-try-2.2.0.tgz#cb2868540e313d61de58fafbe35ce9004d5540e6"
  integrity sha512-R4nPAVTAU0B9D35/Gk3uJf/7XYbQcyohSKdvAxIRSNghFl4e71hVoGnBNQz9cWaXxO2I10KTC+3jMdvvoKw6dQ==

path-exists@^4.0.0:
  version "4.0.0"
  resolved "https://registry.yarnpkg.com/path-exists/-/path-exists-4.0.0.tgz#513bdbe2d3b95d7762e8c1137efa195c6c61b5b3"
  integrity sha512-ak9Qy5Q7jYb2Wwcey5Fpvg2KoAc/ZIhLSLOSBmRmygPsGwkVVt0fZa0qrtMz+m6tJTAHfZQ8FnmB4MG4LWy7/w==

path-is-absolute@^1.0.0:
  version "1.0.1"
  resolved "https://registry.yarnpkg.com/path-is-absolute/-/path-is-absolute-1.0.1.tgz#174b9268735534ffbc7ace6bf53a5a9e1b5c5f5f"
  integrity sha1-F0uSaHNVNP+8es5r9TpanhtcX18=

path-to-regexp@^1.7.0:
  version "1.8.0"
  resolved "https://registry.yarnpkg.com/path-to-regexp/-/path-to-regexp-1.8.0.tgz#887b3ba9d84393e87a0a0b9f4cb756198b53548a"
  integrity sha512-n43JRhlUKUAlibEJhPeir1ncUID16QnEjNpwzNdO3Lm4ywrBpBZ5oLD0I6br9evr1Y9JTqwRtAh7JLoOzAQdVA==
  dependencies:
    isarray "0.0.1"

picomatch@^2.0.4, picomatch@^2.2.1:
  version "2.3.1"
  resolved "https://registry.yarnpkg.com/picomatch/-/picomatch-2.3.1.tgz#3ba3833733646d9d3e4995946c1365a67fb07a42"
  integrity sha512-JU3teHTNjmE2VCGFzuY8EXzCDVwEqB2a8fsIvwaStHhAWJEeVd1o1QD80CU6+ZdEXXSLbSsuLwJjkCBWqRQUVA==

pify@^2.0.0:
  version "2.3.0"
  resolved "https://registry.yarnpkg.com/pify/-/pify-2.3.0.tgz#ed141a6ac043a849ea588498e7dca8b15330e90c"
  integrity sha1-7RQaasBDqEnqWISY59yosVMw6Qw=

pinkie-promise@^2.0.0:
  version "2.0.1"
  resolved "https://registry.yarnpkg.com/pinkie-promise/-/pinkie-promise-2.0.1.tgz#2135d6dfa7a358c069ac9b178776288228450ffa"
  integrity sha1-ITXW36ejWMBprJsXh3YogihFD/o=
  dependencies:
    pinkie "^2.0.0"

pinkie@^2.0.0:
  version "2.0.4"
  resolved "https://registry.yarnpkg.com/pinkie/-/pinkie-2.0.4.tgz#72556b80cfa0d48a974e80e77248e80ed4f7f870"
  integrity sha1-clVrgM+g1IqXToDnckjoDtT3+HA=

pkg-dir@^4.1.0:
  version "4.2.0"
  resolved "https://registry.yarnpkg.com/pkg-dir/-/pkg-dir-4.2.0.tgz#f099133df7ede422e81d1d8448270eeb3e4261f3"
  integrity sha512-HRDzbaKjC+AOWVXxAU/x54COGeIv9eb+6CkDSQoNTt4XyWoIJvuPsXizxu/Fr23EiekbtZwmh1IcIG/l/a10GQ==
  dependencies:
    find-up "^4.0.0"

prop-types-extra@^1.1.0:
  version "1.1.1"
  resolved "https://registry.yarnpkg.com/prop-types-extra/-/prop-types-extra-1.1.1.tgz#58c3b74cbfbb95d304625975aa2f0848329a010b"
  integrity sha512-59+AHNnHYCdiC+vMwY52WmvP5dM3QLeoumYuEyceQDi9aEhtwN9zIQ2ZNo25sMyXnbh32h+P1ezDsUpUH3JAew==
  dependencies:
    react-is "^16.3.2"
    warning "^4.0.0"

prop-types@^15.6.2, prop-types@^15.8.1:
  version "15.8.1"
  resolved "https://registry.yarnpkg.com/prop-types/-/prop-types-15.8.1.tgz#67d87bf1a694f48435cf332c24af10214a3140b5"
  integrity sha512-oj87CgZICdulUohogVAR7AjlC0327U4el4L6eAvOqCeudMDVU0NThNaV+b9Df4dXgSP1gXMTnPdhfe/2qDH5cg==
  dependencies:
    loose-envify "^1.4.0"
    object-assign "^4.1.1"
    react-is "^16.13.1"

react-bootstrap@^2.2.1:
  version "2.2.3"
  resolved "https://registry.yarnpkg.com/react-bootstrap/-/react-bootstrap-2.2.3.tgz#1c563018c8b856071334dd5a35f25507185136e2"
  integrity sha512-gXsAEBdDUHnOpJ2C+DDQ4mFt7tN6u6qWnTH3tqiE9jUvV6gGY8uHFp0iGBsM+yjrBwmR6bqCBFh8Z82aQj1LSw==
  dependencies:
    "@babel/runtime" "^7.17.2"
    "@restart/hooks" "^0.4.6"
    "@restart/ui" "^1.2.0"
    "@types/invariant" "^2.2.35"
    "@types/prop-types" "^15.7.4"
    "@types/react" ">=16.14.8"
    "@types/react-transition-group" "^4.4.4"
    "@types/warning" "^3.0.0"
    classnames "^2.3.1"
    dom-helpers "^5.2.1"
    invariant "^2.2.4"
    prop-types "^15.8.1"
    prop-types-extra "^1.1.0"
    react-transition-group "^4.4.2"
    uncontrollable "^7.2.1"
    warning "^4.0.3"

react-dom@^17.0.2:
  version "17.0.2"
  resolved "https://registry.yarnpkg.com/react-dom/-/react-dom-17.0.2.tgz#ecffb6845e3ad8dbfcdc498f0d0a939736502c23"
  integrity sha512-s4h96KtLDUQlsENhMn1ar8t2bEa+q/YAtj8pPPdIjPDGBDIVNsrD9aXNWqspUe6AzKCIG0C1HZZLqLV7qpOBGA==
  dependencies:
    loose-envify "^1.1.0"
    object-assign "^4.1.1"
    scheduler "^0.20.2"

react-is@^16.13.1, react-is@^16.3.2, react-is@^16.6.0, react-is@^16.7.0:
  version "16.13.1"
  resolved "https://registry.yarnpkg.com/react-is/-/react-is-16.13.1.tgz#789729a4dc36de2999dc156dd6c1d9c18cea56a4"
  integrity sha512-24e6ynE2H+OKt4kqsOvNd8kBpV65zoxbA4BVsEOB3ARVWQki/DHzaUoC5KuON/BiccDaCCTZBuOcfZs70kR8bQ==

react-lifecycles-compat@^3.0.4:
  version "3.0.4"
  resolved "https://registry.yarnpkg.com/react-lifecycles-compat/-/react-lifecycles-compat-3.0.4.tgz#4f1a273afdfc8f3488a8c516bfda78f872352362"
  integrity sha512-fBASbA6LnOU9dOU2eW7aQ8xmYBSXUIWr+UmF9b1efZBazGNO+rcXT/icdKnYm2pTwcRylVUYwW7H1PHfLekVzA==

react-router-dom@^5.2.0:
  version "5.3.0"
  resolved "https://registry.yarnpkg.com/react-router-dom/-/react-router-dom-5.3.0.tgz#da1bfb535a0e89a712a93b97dd76f47ad1f32363"
  integrity sha512-ObVBLjUZsphUUMVycibxgMdh5jJ1e3o+KpAZBVeHcNQZ4W+uUGGWsokurzlF4YOldQYRQL4y6yFRWM4m3svmuQ==
  dependencies:
    "@babel/runtime" "^7.12.13"
    history "^4.9.0"
    loose-envify "^1.3.1"
    prop-types "^15.6.2"
    react-router "5.2.1"
    tiny-invariant "^1.0.2"
    tiny-warning "^1.0.0"

react-router@5.2.1:
  version "5.2.1"
  resolved "https://registry.yarnpkg.com/react-router/-/react-router-5.2.1.tgz#4d2e4e9d5ae9425091845b8dbc6d9d276239774d"
  integrity sha512-lIboRiOtDLFdg1VTemMwud9vRVuOCZmUIT/7lUoZiSpPODiiH1UQlfXy+vPLC/7IWdFYnhRwAyNqA/+I7wnvKQ==
  dependencies:
    "@babel/runtime" "^7.12.13"
    history "^4.9.0"
    hoist-non-react-statics "^3.1.0"
    loose-envify "^1.3.1"
    mini-create-react-context "^0.4.0"
    path-to-regexp "^1.7.0"
    prop-types "^15.6.2"
    react-is "^16.6.0"
    tiny-invariant "^1.0.2"
    tiny-warning "^1.0.0"

react-transition-group@^4.4.2:
  version "4.4.2"
  resolved "https://registry.yarnpkg.com/react-transition-group/-/react-transition-group-4.4.2.tgz#8b59a56f09ced7b55cbd53c36768b922890d5470"
  integrity sha512-/RNYfRAMlZwDSr6z4zNKV6xu53/e2BuaBbGhbyYIXTrmgu/bGHzmqOs7mJSJBHy9Ud+ApHx3QjrkKSp1pxvlFg==
  dependencies:
    "@babel/runtime" "^7.5.5"
    dom-helpers "^5.0.1"
    loose-envify "^1.4.0"
    prop-types "^15.6.2"

react@^17.0.2:
  version "17.0.2"
  resolved "https://registry.yarnpkg.com/react/-/react-17.0.2.tgz#d0b5cc516d29eb3eee383f75b62864cfb6800037"
  integrity sha512-gnhPt75i/dq/z3/6q/0asP78D0u592D5L1pd7M8P+dck6Fu/jJeL6iVVK23fptSUZj8Vjf++7wXA8UNclGQcbA==
  dependencies:
    loose-envify "^1.1.0"
    object-assign "^4.1.1"

readdirp@~3.6.0:
  version "3.6.0"
  resolved "https://registry.yarnpkg.com/readdirp/-/readdirp-3.6.0.tgz#74a370bd857116e245b29cc97340cd431a02a6c7"
  integrity sha512-hOS089on8RduqdbhvQ5Z37A0ESjsqz6qnRcffsMU3495FuTdqSm+7bhJ29JvIOsBDEEnan5DPu9t3To9VRlMzA==
  dependencies:
    picomatch "^2.2.1"

regenerator-runtime@^0.13.4:
  version "0.13.9"
  resolved "https://registry.yarnpkg.com/regenerator-runtime/-/regenerator-runtime-0.13.9.tgz#8925742a98ffd90814988d7566ad30ca3b263b52"
  integrity sha512-p3VT+cOEgxFsRRA9X4lkI1E+k2/CtnKtU4gcxyaCUreilL/vqI6CdZ3wxVUx3UOUg+gnUOQQcRI7BmSI656MYA==

resolve-pathname@^3.0.0:
  version "3.0.0"
  resolved "https://registry.yarnpkg.com/resolve-pathname/-/resolve-pathname-3.0.0.tgz#99d02224d3cf263689becbb393bc560313025dcd"
  integrity sha512-C7rARubxI8bXFNB/hqcp/4iUeIXJhJZvFPFPiSPRnhU5UPxzMFIl+2E6yY6c4k9giDJAhtV+enfA+G89N6Csng==

sass@^1.38.0:
  version "1.50.0"
  resolved "https://registry.yarnpkg.com/sass/-/sass-1.50.0.tgz#3e407e2ebc53b12f1e35ce45efb226ea6063c7c8"
  integrity sha512-cLsD6MEZ5URXHStxApajEh7gW189kkjn4Rc8DQweMyF+o5HF5nfEz8QYLMlPsTOD88DknatTmBWkOcw5/LnJLQ==
  dependencies:
    chokidar ">=3.0.0 <4.0.0"
    immutable "^4.0.0"
    source-map-js ">=0.6.2 <2.0.0"

scheduler@^0.20.2:
  version "0.20.2"
  resolved "https://registry.yarnpkg.com/scheduler/-/scheduler-0.20.2.tgz#4baee39436e34aa93b4874bddcbf0fe8b8b50e91"
  integrity sha512-2eWfGgAqqWFGqtdMmcL5zCMK1U8KlXv8SQFGglL3CEtd0aDVDWgeF/YoCmvln55m5zSk3J/20hTaSBeSObsQDQ==
  dependencies:
    loose-envify "^1.1.0"
    object-assign "^4.1.1"

semver@^5.7.1:
  version "5.7.1"
  resolved "https://registry.yarnpkg.com/semver/-/semver-5.7.1.tgz#a954f931aeba508d307bbf069eff0c01c96116f7"
  integrity sha512-sauaDf/PZdVgrLTNYHRtpXa1iRiKcaebiKQ1BJdpQlWH2lCvexQdX55snPFyK7QzpudqbCI0qXFfOasHdyNDGQ==

semver@^6.0.0:
  version "6.3.0"
  resolved "https://registry.yarnpkg.com/semver/-/semver-6.3.0.tgz#ee0a64c8af5e8ceea67687b133761e1becbd1d3d"
  integrity sha512-b39TBaTSfV6yBrapU89p5fKekE2m/NwnDocOVruQFS1/veMgdzuPcnOM34M6CwxW8jH/lxEa5rBoDeUwu5HHTw==

"source-map-js@>=0.6.2 <2.0.0":
  version "1.0.2"
  resolved "https://registry.yarnpkg.com/source-map-js/-/source-map-js-1.0.2.tgz#adbc361d9c62df380125e7f161f71c826f1e490c"
  integrity sha512-R0XvVJ9WusLiqTCEiGCmICCMplcCkIwwR11mOSD9CR5u+IXYdiseeEuXCVAjS54zqwkLcPNnmU4OeJ6tUrWhDw==

strip-outer@^1.0.1:
  version "1.0.1"
  resolved "https://registry.yarnpkg.com/strip-outer/-/strip-outer-1.0.1.tgz#b2fd2abf6604b9d1e6013057195df836b8a9d631"
  integrity sha512-k55yxKHwaXnpYGsOzg4Vl8+tDrWylxDEpknGjhTiZB8dFRU5rTo9CAzeycivxV3s+zlTKwrs6WxMxR95n26kwg==
  dependencies:
    escape-string-regexp "^1.0.2"

supports-color@^7.1.0:
  version "7.2.0"
  resolved "https://registry.yarnpkg.com/supports-color/-/supports-color-7.2.0.tgz#1b7dcdcb32b8138801b3e478ba6a51caa89648da"
  integrity sha512-qpCAvRl9stuOHveKsn7HncJRvv501qIacKzQlO/+Lwxc9+0q2wLyv4Dfvt80/DPn2pqOBsJdDiogXGR9+OvwRw==
  dependencies:
    has-flag "^4.0.0"

tiny-invariant@^1.0.2:
  version "1.2.0"
  resolved "https://registry.yarnpkg.com/tiny-invariant/-/tiny-invariant-1.2.0.tgz#a1141f86b672a9148c72e978a19a73b9b94a15a9"
  integrity sha512-1Uhn/aqw5C6RI4KejVeTg6mIS7IqxnLJ8Mv2tV5rTc0qWobay7pDUz6Wi392Cnc8ak1H0F2cjoRzb2/AW4+Fvg==

tiny-warning@^1.0.0, tiny-warning@^1.0.3:
  version "1.0.3"
  resolved "https://registry.yarnpkg.com/tiny-warning/-/tiny-warning-1.0.3.tgz#94a30db453df4c643d0fd566060d60a875d84754"
  integrity sha512-lBN9zLN/oAf68o3zNXYrdCt1kP8WsiGW8Oo2ka41b2IM5JL/S1CTyX1rW0mb/zSuJun0ZUrDxx4sqvYS2FWzPA==

to-regex-range@^5.0.1:
  version "5.0.1"
  resolved "https://registry.yarnpkg.com/to-regex-range/-/to-regex-range-5.0.1.tgz#1648c44aae7c8d988a326018ed72f5b4dd0392e4"
  integrity sha512-65P7iz6X5yEr1cwcgvQxbbIw7Uk3gOy5dIdtZ4rDveLqhrdJP+Li/Hx6tyK0NEb+2GCyneCMJiGqrADCSNk8sQ==
  dependencies:
    is-number "^7.0.0"

trim-repeated@^1.0.0:
  version "1.0.0"
  resolved "https://registry.yarnpkg.com/trim-repeated/-/trim-repeated-1.0.0.tgz#e3646a2ea4e891312bf7eace6cfb05380bc01c21"
  integrity sha1-42RqLqTokTEr9+rObPsFOAvAHCE=
  dependencies:
    escape-string-regexp "^1.0.2"

uncontrollable@^7.2.1:
  version "7.2.1"
  resolved "https://registry.yarnpkg.com/uncontrollable/-/uncontrollable-7.2.1.tgz#1fa70ba0c57a14d5f78905d533cf63916dc75738"
  integrity sha512-svtcfoTADIB0nT9nltgjujTi7BzVmwjZClOmskKu/E8FW9BXzg9os8OLr4f8Dlnk0rYWJIWr4wv9eKUXiQvQwQ==
  dependencies:
    "@babel/runtime" "^7.6.3"
    "@types/react" ">=16.9.11"
    invariant "^2.2.4"
    react-lifecycles-compat "^3.0.4"

universalify@^0.1.0:
  version "0.1.2"
  resolved "https://registry.yarnpkg.com/universalify/-/universalify-0.1.2.tgz#b646f69be3942dabcecc9d6639c80dc105efaa66"
  integrity sha512-rBJeI5CXAlmy1pV+617WB9J63U6XcazHHF2f2dbJix4XzpUF0RS3Zbj0FGIOCAva5P/d/GBOYaACQ1w+0azUkg==

utility-types@^3.10.0:
  version "3.10.0"
  resolved "https://registry.yarnpkg.com/utility-types/-/utility-types-3.10.0.tgz#ea4148f9a741015f05ed74fd615e1d20e6bed82b"
  integrity sha512-O11mqxmi7wMKCo6HKFt5AhO4BwY3VV68YU07tgxfz8zJTIxr4BpsezN49Ffwy9j3ZpwwJp4fkRwjRzq3uWE6Rg==

value-equal@^1.0.1:
  version "1.0.1"
  resolved "https://registry.yarnpkg.com/value-equal/-/value-equal-1.0.1.tgz#1e0b794c734c5c0cade179c437d356d931a34d6c"
  integrity sha512-NOJ6JZCAWr0zlxZt+xqCHNTEKOsrks2HQd4MqhP1qy4z1SkbEP467eNx6TgDKXMvUOb+OENfJCZwM+16n7fRfw==

warning@^4.0.0, warning@^4.0.3:
  version "4.0.3"
  resolved "https://registry.yarnpkg.com/warning/-/warning-4.0.3.tgz#16e9e077eb8a86d6af7d64aa1e05fd85b4678ca3"
  integrity sha512-rpJyN222KWIvHJ/F53XSZv0Zl/accqHR8et1kpaMTD/fLCRxtV8iX8czMzY7sVZupTI3zcUTg8eycS2kNF9l6w==
  dependencies:
    loose-envify "^1.0.0"

weak-lru-cache@^1.2.2:
  version "1.2.2"
  resolved "https://registry.yarnpkg.com/weak-lru-cache/-/weak-lru-cache-1.2.2.tgz#fdbb6741f36bae9540d12f480ce8254060dccd19"
  integrity sha512-DEAoo25RfSYMuTGc9vPJzZcZullwIqRDSI9LOy+fkCJPi6hykCnfKaXTuPBDuXAUcqHXyOgFtHNp/kB2FjYHbw==

wrappy@1:
  version "1.0.2"
  resolved "https://registry.yarnpkg.com/wrappy/-/wrappy-1.0.2.tgz#b5243d8f3ec1aa35f1364605bc0d1036e30ab69f"
  integrity sha1-tSQ9jz7BqjXxNkYFvA0QNuMKtp8=

xxhash-wasm@^0.4.2:
  version "0.4.2"
  resolved "https://registry.yarnpkg.com/xxhash-wasm/-/xxhash-wasm-0.4.2.tgz#752398c131a4dd407b5132ba62ad372029be6f79"
  integrity sha512-/eyHVRJQCirEkSZ1agRSCwriMhwlyUcFkXD5TPVSLP+IPzjsqMVzZwdoczLp1SoQU0R3dxz1RpIK+4YNQbCVOA==
